
Microsoft Visual Studio Solution File, Format Version 12.00
# Visual Studio Version 17
VisualStudioVersion = 17.8.34408.163
MinimumVisualStudioVersion = 10.0.40219.1
Project("{9A19103F-16F7-4668-BE54-9A1E7A4F7556}") = "POMT_WPF", "POMT_WPF\POMT_WPF.csproj", "{A78F1392-E35B-4D70-98B2-49200DD5DFC2}"
EndProject
Project("{9A19103F-16F7-4668-BE54-9A1E7A4F7556}") = "Petsi", "Petsi\Petsi.csproj", "{924A06E4-ED2B-4393-88D0-A8DA992C384C}"
EndProject
Project("{9A19103F-16F7-4668-BE54-9A1E7A4F7556}") = "Square.Service", "Square.Service\Square.Service.csproj", "{D220B176-CC1F-433D-8F72-85417C4B81DB}"
EndProject
Project("{C7167F0D-BC9F-4E6E-AFE1-012C56B48DB5}") = "POMT_Packager", "POMT_Packager\POMT_Packager.wapproj", "{74A3126B-D761-45CC-8187-B772216816E0}"
EndProject
Project("{FAE04EC0-301F-11D3-BF4B-00C04F79EFBC}") = "Petsi.Tests", "Petsi.Tests\Petsi.Tests.csproj", "{5FCF45C8-7D7F-43DF-9D22-77039F64E32D}"
EndProject
Global
	GlobalSection(SolutionConfigurationPlatforms) = preSolution
		Debug|Any CPU = Debug|Any CPU
		Debug|ARM = Debug|ARM
		Debug|ARM64 = Debug|ARM64
		Debug|x64 = Debug|x64
		Debug|x86 = Debug|x86
		Release|Any CPU = Release|Any CPU
		Release|ARM = Release|ARM
		Release|ARM64 = Release|ARM64
		Release|x64 = Release|x64
		Release|x86 = Release|x86
		Test|Any CPU = Test|Any CPU
		Test|ARM = Test|ARM
		Test|ARM64 = Test|ARM64
		Test|x64 = Test|x64
		Test|x86 = Test|x86
	EndGlobalSection
	GlobalSection(ProjectConfigurationPlatforms) = postSolution
		{A78F1392-E35B-4D70-98B2-49200DD5DFC2}.Debug|Any CPU.ActiveCfg = Debug|Any CPU
		{A78F1392-E35B-4D70-98B2-49200DD5DFC2}.Debug|Any CPU.Build.0 = Debug|Any CPU
		{A78F1392-E35B-4D70-98B2-49200DD5DFC2}.Debug|ARM.ActiveCfg = Debug|Any CPU
		{A78F1392-E35B-4D70-98B2-49200DD5DFC2}.Debug|ARM.Build.0 = Debug|Any CPU
		{A78F1392-E35B-4D70-98B2-49200DD5DFC2}.Debug|ARM64.ActiveCfg = Debug|Any CPU
		{A78F1392-E35B-4D70-98B2-49200DD5DFC2}.Debug|ARM64.Build.0 = Debug|Any CPU
		{A78F1392-E35B-4D70-98B2-49200DD5DFC2}.Debug|x64.ActiveCfg = Debug|x64
		{A78F1392-E35B-4D70-98B2-49200DD5DFC2}.Debug|x64.Build.0 = Debug|x64
		{A78F1392-E35B-4D70-98B2-49200DD5DFC2}.Debug|x86.ActiveCfg = Debug|Any CPU
		{A78F1392-E35B-4D70-98B2-49200DD5DFC2}.Debug|x86.Build.0 = Debug|Any CPU
		{A78F1392-E35B-4D70-98B2-49200DD5DFC2}.Release|Any CPU.ActiveCfg = Release|Any CPU
		{A78F1392-E35B-4D70-98B2-49200DD5DFC2}.Release|Any CPU.Build.0 = Release|Any CPU
		{A78F1392-E35B-4D70-98B2-49200DD5DFC2}.Release|ARM.ActiveCfg = Release|Any CPU
		{A78F1392-E35B-4D70-98B2-49200DD5DFC2}.Release|ARM.Build.0 = Release|Any CPU
		{A78F1392-E35B-4D70-98B2-49200DD5DFC2}.Release|ARM64.ActiveCfg = Release|Any CPU
		{A78F1392-E35B-4D70-98B2-49200DD5DFC2}.Release|ARM64.Build.0 = Release|Any CPU
		{A78F1392-E35B-4D70-98B2-49200DD5DFC2}.Release|x64.ActiveCfg = Release|x64
		{A78F1392-E35B-4D70-98B2-49200DD5DFC2}.Release|x64.Build.0 = Release|x64
		{A78F1392-E35B-4D70-98B2-49200DD5DFC2}.Release|x86.ActiveCfg = Release|Any CPU
		{A78F1392-E35B-4D70-98B2-49200DD5DFC2}.Release|x86.Build.0 = Release|Any CPU
		{A78F1392-E35B-4D70-98B2-49200DD5DFC2}.Test|Any CPU.ActiveCfg = Test|Any CPU
		{A78F1392-E35B-4D70-98B2-49200DD5DFC2}.Test|Any CPU.Build.0 = Test|Any CPU
		{A78F1392-E35B-4D70-98B2-49200DD5DFC2}.Test|ARM.ActiveCfg = Test|Any CPU
		{A78F1392-E35B-4D70-98B2-49200DD5DFC2}.Test|ARM.Build.0 = Test|Any CPU
		{A78F1392-E35B-4D70-98B2-49200DD5DFC2}.Test|ARM64.ActiveCfg = Test|Any CPU
		{A78F1392-E35B-4D70-98B2-49200DD5DFC2}.Test|ARM64.Build.0 = Test|Any CPU
		{A78F1392-E35B-4D70-98B2-49200DD5DFC2}.Test|x64.ActiveCfg = Test|x64
		{A78F1392-E35B-4D70-98B2-49200DD5DFC2}.Test|x64.Build.0 = Test|x64
		{A78F1392-E35B-4D70-98B2-49200DD5DFC2}.Test|x86.ActiveCfg = Test|Any CPU
		{A78F1392-E35B-4D70-98B2-49200DD5DFC2}.Test|x86.Build.0 = Test|Any CPU
		{924A06E4-ED2B-4393-88D0-A8DA992C384C}.Debug|Any CPU.ActiveCfg = Debug|Any CPU
		{924A06E4-ED2B-4393-88D0-A8DA992C384C}.Debug|Any CPU.Build.0 = Debug|Any CPU
		{924A06E4-ED2B-4393-88D0-A8DA992C384C}.Debug|ARM.ActiveCfg = Debug|Any CPU
		{924A06E4-ED2B-4393-88D0-A8DA992C384C}.Debug|ARM.Build.0 = Debug|Any CPU
		{924A06E4-ED2B-4393-88D0-A8DA992C384C}.Debug|ARM64.ActiveCfg = Debug|Any CPU
		{924A06E4-ED2B-4393-88D0-A8DA992C384C}.Debug|ARM64.Build.0 = Debug|Any CPU
		{924A06E4-ED2B-4393-88D0-A8DA992C384C}.Debug|x64.ActiveCfg = Debug|x64
		{924A06E4-ED2B-4393-88D0-A8DA992C384C}.Debug|x64.Build.0 = Debug|x64
		{924A06E4-ED2B-4393-88D0-A8DA992C384C}.Debug|x86.ActiveCfg = Debug|Any CPU
		{924A06E4-ED2B-4393-88D0-A8DA992C384C}.Debug|x86.Build.0 = Debug|Any CPU
		{924A06E4-ED2B-4393-88D0-A8DA992C384C}.Release|Any CPU.ActiveCfg = Release|Any CPU
		{924A06E4-ED2B-4393-88D0-A8DA992C384C}.Release|Any CPU.Build.0 = Release|Any CPU
		{924A06E4-ED2B-4393-88D0-A8DA992C384C}.Release|ARM.ActiveCfg = Release|Any CPU
		{924A06E4-ED2B-4393-88D0-A8DA992C384C}.Release|ARM.Build.0 = Release|Any CPU
		{924A06E4-ED2B-4393-88D0-A8DA992C384C}.Release|ARM64.ActiveCfg = Release|Any CPU
		{924A06E4-ED2B-4393-88D0-A8DA992C384C}.Release|ARM64.Build.0 = Release|Any CPU
		{924A06E4-ED2B-4393-88D0-A8DA992C384C}.Release|x64.ActiveCfg = Release|x64
		{924A06E4-ED2B-4393-88D0-A8DA992C384C}.Release|x64.Build.0 = Release|x64
		{924A06E4-ED2B-4393-88D0-A8DA992C384C}.Release|x86.ActiveCfg = Release|Any CPU
		{924A06E4-ED2B-4393-88D0-A8DA992C384C}.Release|x86.Build.0 = Release|Any CPU
		{924A06E4-ED2B-4393-88D0-A8DA992C384C}.Test|Any CPU.ActiveCfg = Test|Any CPU
		{924A06E4-ED2B-4393-88D0-A8DA992C384C}.Test|Any CPU.Build.0 = Test|Any CPU
		{924A06E4-ED2B-4393-88D0-A8DA992C384C}.Test|ARM.ActiveCfg = Test|Any CPU
		{924A06E4-ED2B-4393-88D0-A8DA992C384C}.Test|ARM.Build.0 = Test|Any CPU
		{924A06E4-ED2B-4393-88D0-A8DA992C384C}.Test|ARM64.ActiveCfg = Test|Any CPU
		{924A06E4-ED2B-4393-88D0-A8DA992C384C}.Test|ARM64.Build.0 = Test|Any CPU
		{924A06E4-ED2B-4393-88D0-A8DA992C384C}.Test|x64.ActiveCfg = Test|x64
		{924A06E4-ED2B-4393-88D0-A8DA992C384C}.Test|x64.Build.0 = Test|x64
		{924A06E4-ED2B-4393-88D0-A8DA992C384C}.Test|x86.ActiveCfg = Test|Any CPU
		{924A06E4-ED2B-4393-88D0-A8DA992C384C}.Test|x86.Build.0 = Test|Any CPU
		{D220B176-CC1F-433D-8F72-85417C4B81DB}.Debug|Any CPU.ActiveCfg = Debug|Any CPU
		{D220B176-CC1F-433D-8F72-85417C4B81DB}.Debug|Any CPU.Build.0 = Debug|Any CPU
		{D220B176-CC1F-433D-8F72-85417C4B81DB}.Debug|ARM.ActiveCfg = Debug|Any CPU
		{D220B176-CC1F-433D-8F72-85417C4B81DB}.Debug|ARM.Build.0 = Debug|Any CPU
		{D220B176-CC1F-433D-8F72-85417C4B81DB}.Debug|ARM64.ActiveCfg = Debug|Any CPU
		{D220B176-CC1F-433D-8F72-85417C4B81DB}.Debug|ARM64.Build.0 = Debug|Any CPU
		{D220B176-CC1F-433D-8F72-85417C4B81DB}.Debug|x64.ActiveCfg = Debug|x64
		{D220B176-CC1F-433D-8F72-85417C4B81DB}.Debug|x64.Build.0 = Debug|x64
		{D220B176-CC1F-433D-8F72-85417C4B81DB}.Debug|x86.ActiveCfg = Debug|Any CPU
		{D220B176-CC1F-433D-8F72-85417C4B81DB}.Debug|x86.Build.0 = Debug|Any CPU
		{D220B176-CC1F-433D-8F72-85417C4B81DB}.Release|Any CPU.ActiveCfg = Release|Any CPU
		{D220B176-CC1F-433D-8F72-85417C4B81DB}.Release|Any CPU.Build.0 = Release|Any CPU
		{D220B176-CC1F-433D-8F72-85417C4B81DB}.Release|ARM.ActiveCfg = Release|Any CPU
		{D220B176-CC1F-433D-8F72-85417C4B81DB}.Release|ARM.Build.0 = Release|Any CPU
		{D220B176-CC1F-433D-8F72-85417C4B81DB}.Release|ARM64.ActiveCfg = Release|Any CPU
		{D220B176-CC1F-433D-8F72-85417C4B81DB}.Release|ARM64.Build.0 = Release|Any CPU
		{D220B176-CC1F-433D-8F72-85417C4B81DB}.Release|x64.ActiveCfg = Release|x64
		{D220B176-CC1F-433D-8F72-85417C4B81DB}.Release|x64.Build.0 = Release|x64
		{D220B176-CC1F-433D-8F72-85417C4B81DB}.Release|x86.ActiveCfg = Release|Any CPU
		{D220B176-CC1F-433D-8F72-85417C4B81DB}.Release|x86.Build.0 = Release|Any CPU
		{D220B176-CC1F-433D-8F72-85417C4B81DB}.Test|Any CPU.ActiveCfg = Test|Any CPU
		{D220B176-CC1F-433D-8F72-85417C4B81DB}.Test|Any CPU.Build.0 = Test|Any CPU
		{D220B176-CC1F-433D-8F72-85417C4B81DB}.Test|ARM.ActiveCfg = Test|Any CPU
		{D220B176-CC1F-433D-8F72-85417C4B81DB}.Test|ARM.Build.0 = Test|Any CPU
		{D220B176-CC1F-433D-8F72-85417C4B81DB}.Test|ARM64.ActiveCfg = Test|Any CPU
		{D220B176-CC1F-433D-8F72-85417C4B81DB}.Test|ARM64.Build.0 = Test|Any CPU
		{D220B176-CC1F-433D-8F72-85417C4B81DB}.Test|x64.ActiveCfg = Test|x64
		{D220B176-CC1F-433D-8F72-85417C4B81DB}.Test|x64.Build.0 = Test|x64
		{D220B176-CC1F-433D-8F72-85417C4B81DB}.Test|x86.ActiveCfg = Test|Any CPU
		{D220B176-CC1F-433D-8F72-85417C4B81DB}.Test|x86.Build.0 = Test|Any CPU
		{74A3126B-D761-45CC-8187-B772216816E0}.Debug|Any CPU.ActiveCfg = Debug|Any CPU
		{74A3126B-D761-45CC-8187-B772216816E0}.Debug|Any CPU.Build.0 = Debug|Any CPU
		{74A3126B-D761-45CC-8187-B772216816E0}.Debug|Any CPU.Deploy.0 = Debug|Any CPU
		{74A3126B-D761-45CC-8187-B772216816E0}.Debug|ARM.ActiveCfg = Debug|ARM
		{74A3126B-D761-45CC-8187-B772216816E0}.Debug|ARM.Build.0 = Debug|ARM
		{74A3126B-D761-45CC-8187-B772216816E0}.Debug|ARM.Deploy.0 = Debug|ARM
		{74A3126B-D761-45CC-8187-B772216816E0}.Debug|ARM64.ActiveCfg = Debug|ARM64
		{74A3126B-D761-45CC-8187-B772216816E0}.Debug|ARM64.Build.0 = Debug|ARM64
		{74A3126B-D761-45CC-8187-B772216816E0}.Debug|ARM64.Deploy.0 = Debug|ARM64
		{74A3126B-D761-45CC-8187-B772216816E0}.Debug|x64.ActiveCfg = Debug|x64
		{74A3126B-D761-45CC-8187-B772216816E0}.Debug|x64.Build.0 = Debug|x64
		{74A3126B-D761-45CC-8187-B772216816E0}.Debug|x64.Deploy.0 = Debug|x64
		{74A3126B-D761-45CC-8187-B772216816E0}.Debug|x86.ActiveCfg = Debug|x86
		{74A3126B-D761-45CC-8187-B772216816E0}.Debug|x86.Build.0 = Debug|x86
		{74A3126B-D761-45CC-8187-B772216816E0}.Debug|x86.Deploy.0 = Debug|x86
		{74A3126B-D761-45CC-8187-B772216816E0}.Release|Any CPU.ActiveCfg = Release|Any CPU
		{74A3126B-D761-45CC-8187-B772216816E0}.Release|Any CPU.Build.0 = Release|Any CPU
		{74A3126B-D761-45CC-8187-B772216816E0}.Release|Any CPU.Deploy.0 = Release|Any CPU
		{74A3126B-D761-45CC-8187-B772216816E0}.Release|ARM.ActiveCfg = Release|ARM
		{74A3126B-D761-45CC-8187-B772216816E0}.Release|ARM.Build.0 = Release|ARM
		{74A3126B-D761-45CC-8187-B772216816E0}.Release|ARM.Deploy.0 = Release|ARM
		{74A3126B-D761-45CC-8187-B772216816E0}.Release|ARM64.ActiveCfg = Release|ARM64
		{74A3126B-D761-45CC-8187-B772216816E0}.Release|ARM64.Build.0 = Release|ARM64
		{74A3126B-D761-45CC-8187-B772216816E0}.Release|ARM64.Deploy.0 = Release|ARM64
		{74A3126B-D761-45CC-8187-B772216816E0}.Release|x64.ActiveCfg = Release|x64
		{74A3126B-D761-45CC-8187-B772216816E0}.Release|x64.Build.0 = Release|x64
		{74A3126B-D761-45CC-8187-B772216816E0}.Release|x64.Deploy.0 = Release|x64
		{74A3126B-D761-45CC-8187-B772216816E0}.Release|x86.ActiveCfg = Release|x86
		{74A3126B-D761-45CC-8187-B772216816E0}.Release|x86.Build.0 = Release|x86
		{74A3126B-D761-45CC-8187-B772216816E0}.Release|x86.Deploy.0 = Release|x86
		{74A3126B-D761-45CC-8187-B772216816E0}.Test|Any CPU.ActiveCfg = Release|Any CPU
		{74A3126B-D761-45CC-8187-B772216816E0}.Test|Any CPU.Build.0 = Release|Any CPU
		{74A3126B-D761-45CC-8187-B772216816E0}.Test|Any CPU.Deploy.0 = Release|Any CPU
		{74A3126B-D761-45CC-8187-B772216816E0}.Test|ARM.ActiveCfg = Debug|ARM
		{74A3126B-D761-45CC-8187-B772216816E0}.Test|ARM.Build.0 = Debug|ARM
		{74A3126B-D761-45CC-8187-B772216816E0}.Test|ARM.Deploy.0 = Debug|ARM
		{74A3126B-D761-45CC-8187-B772216816E0}.Test|ARM64.ActiveCfg = Debug|ARM64
		{74A3126B-D761-45CC-8187-B772216816E0}.Test|ARM64.Build.0 = Debug|ARM64
		{74A3126B-D761-45CC-8187-B772216816E0}.Test|ARM64.Deploy.0 = Debug|ARM64
		{74A3126B-D761-45CC-8187-B772216816E0}.Test|x64.ActiveCfg = Debug|x64
		{74A3126B-D761-45CC-8187-B772216816E0}.Test|x64.Build.0 = Debug|x64
		{74A3126B-D761-45CC-8187-B772216816E0}.Test|x64.Deploy.0 = Debug|x64
		{74A3126B-D761-45CC-8187-B772216816E0}.Test|x86.ActiveCfg = Debug|x86
		{74A3126B-D761-45CC-8187-B772216816E0}.Test|x86.Build.0 = Debug|x86
		{74A3126B-D761-45CC-8187-B772216816E0}.Test|x86.Deploy.0 = Debug|x86
		{5FCF45C8-7D7F-43DF-9D22-77039F64E32D}.Debug|Any CPU.ActiveCfg = Debug|Any CPU
		{5FCF45C8-7D7F-43DF-9D22-77039F64E32D}.Debug|Any CPU.Build.0 = Debug|Any CPU
		{5FCF45C8-7D7F-43DF-9D22-77039F64E32D}.Debug|ARM.ActiveCfg = Debug|Any CPU
		{5FCF45C8-7D7F-43DF-9D22-77039F64E32D}.Debug|ARM.Build.0 = Debug|Any CPU
		{5FCF45C8-7D7F-43DF-9D22-77039F64E32D}.Debug|ARM64.ActiveCfg = Debug|Any CPU
		{5FCF45C8-7D7F-43DF-9D22-77039F64E32D}.Debug|ARM64.Build.0 = Debug|Any CPU
		{5FCF45C8-7D7F-43DF-9D22-77039F64E32D}.Debug|x64.ActiveCfg = Debug|Any CPU
		{5FCF45C8-7D7F-43DF-9D22-77039F64E32D}.Debug|x64.Build.0 = Debug|Any CPU
		{5FCF45C8-7D7F-43DF-9D22-77039F64E32D}.Debug|x86.ActiveCfg = Debug|Any CPU
		{5FCF45C8-7D7F-43DF-9D22-77039F64E32D}.Debug|x86.Build.0 = Debug|Any CPU
		{5FCF45C8-7D7F-43DF-9D22-77039F64E32D}.Release|Any CPU.ActiveCfg = Release|Any CPU
		{5FCF45C8-7D7F-43DF-9D22-77039F64E32D}.Release|Any CPU.Build.0 = Release|Any CPU
		{5FCF45C8-7D7F-43DF-9D22-77039F64E32D}.Release|ARM.ActiveCfg = Release|Any CPU
		{5FCF45C8-7D7F-43DF-9D22-77039F64E32D}.Release|ARM.Build.0 = Release|Any CPU
		{5FCF45C8-7D7F-43DF-9D22-77039F64E32D}.Release|ARM64.ActiveCfg = Release|Any CPU
		{5FCF45C8-7D7F-43DF-9D22-77039F64E32D}.Release|ARM64.Build.0 = Release|Any CPU
		{5FCF45C8-7D7F-43DF-9D22-77039F64E32D}.Release|x64.ActiveCfg = Release|Any CPU
		{5FCF45C8-7D7F-43DF-9D22-77039F64E32D}.Release|x64.Build.0 = Release|Any CPU
		{5FCF45C8-7D7F-43DF-9D22-77039F64E32D}.Release|x86.ActiveCfg = Release|Any CPU
		{5FCF45C8-7D7F-43DF-9D22-77039F64E32D}.Release|x86.Build.0 = Release|Any CPU
		{5FCF45C8-7D7F-43DF-9D22-77039F64E32D}.Test|Any CPU.ActiveCfg = Debug|Any CPU
		{5FCF45C8-7D7F-43DF-9D22-77039F64E32D}.Test|Any CPU.Build.0 = Debug|Any CPU
		{5FCF45C8-7D7F-43DF-9D22-77039F64E32D}.Test|ARM.ActiveCfg = Debug|Any CPU
		{5FCF45C8-7D7F-43DF-9D22-77039F64E32D}.Test|ARM.Build.0 = Debug|Any CPU
		{5FCF45C8-7D7F-43DF-9D22-77039F64E32D}.Test|ARM64.ActiveCfg = Debug|Any CPU
		{5FCF45C8-7D7F-43DF-9D22-77039F64E32D}.Test|ARM64.Build.0 = Debug|Any CPU
		{5FCF45C8-7D7F-43DF-9D22-77039F64E32D}.Test|x64.ActiveCfg = Debug|Any CPU
		{5FCF45C8-7D7F-43DF-9D22-77039F64E32D}.Test|x64.Build.0 = Debug|Any CPU
		{5FCF45C8-7D7F-43DF-9D22-77039F64E32D}.Test|x86.ActiveCfg = Debug|Any CPU
		{5FCF45C8-7D7F-43DF-9D22-77039F64E32D}.Test|x86.Build.0 = Debug|Any CPU
	EndGlobalSection
	GlobalSection(SolutionProperties) = preSolution
		HideSolutionNode = FALSE
	EndGlobalSection
	GlobalSection(ExtensibilityGlobals) = postSolution
		SolutionGuid = {C510932A-96F4-4F08-B671-D44609EE55E1}
	EndGlobalSection
EndGlobal
