{
  "name": "Petsi",
  "version": "1.0.0",
  "lockfileVersion": 3,
  "requires": true,
  "packages": {
    "": {
      "name": "Petsi",
      "version": "1.0.0",
      "dependencies": {
        "pdf-to-printer": "^4.0.1"
      }
    },
    "node_modules/pdf-to-printer": {
      "version": "4.0.1",
      "resolved": "https://registry.npmjs.org/pdf-to-printer/-/pdf-to-printer-4.0.1.tgz",
      "integrity": "sha512-U5Xf11ePMlT1xiDqxmGnCo+/zP0UlPnC2D53Xw2ZknkHXwJnrubuQvOKYYzjgG5sLWedrrtiykM5LdTPcLiFMQ==",
      "license": "MIT"
    }
  }
}
